{
  "name": "cadl-use",
  "version": "1.0.0",
  "lockfileVersion": 2,
  "requires": true,
  "packages": {
    "": {
      "name": "cadl-use",
      "version": "1.0.0",
      "license": "ISC",
      "dependencies": {
        "@cadl-lang/compiler": "file:../../node_modules/@cadl-lang/compiler",
        "@cadl-lang/rest": "^0.15.0",
        "@types/prettier": "^2.6.3",
        "cadl-azure-auth": "file:../cadl-azure-auth",
        "prettier": "^2.7.1"
      },
      "bin": {
        "cadl-use": "bin.js"
      },
      "devDependencies": {
        "@types/node": "^18.0.0",
        "typescript": "^4.7.4"
      }
    },
    "../../node_modules/@cadl-lang/compiler": {
      "version": "0.32.0",
      "license": "MIT",
      "dependencies": {
        "@babel/code-frame": "~7.16.7",
        "ajv": "~8.9.0",
        "change-case": "~4.1.2",
        "globby": "~13.1.1",
        "js-yaml": "~4.1.0",
        "mkdirp": "~1.0.4",
        "mustache": "~4.2.0",
        "node-fetch": "~3.2.0",
        "node-watch": "~0.7.1",
        "picocolors": "~1.0.0",
        "prettier": "~2.6.2",
        "prompts": "~2.4.1",
        "vscode-languageserver": "~7.0.0",
        "vscode-languageserver-textdocument": "~1.0.1",
        "yargs": "~17.3.1"
      },
      "bin": {
        "cadl": "cmd/cadl.js",
        "cadl-server": "cmd/cadl-server.js"
      },
      "devDependencies": {
        "@cadl-lang/eslint-config-cadl": "~0.3.0",
        "@cadl-lang/internal-build-utils": "~0.3.0",
        "@types/babel__code-frame": "~7.0.3",
        "@types/js-yaml": "~4.0.1",
        "@types/mkdirp": "~1.0.1",
        "@types/mocha": "~9.1.0",
        "@types/mustache": "~4.1.2",
        "@types/node": "~16.0.3",
        "@types/prettier": "2.6.0",
        "@types/prompts": "~2.0.14",
        "@types/yargs": "~17.0.2",
        "c8": "~7.11.0",
        "eslint": "^8.12.0",
        "grammarkdown": "~3.1.2",
        "mocha": "~9.2.0",
        "prettier-plugin-organize-imports": "~2.3.4",
        "rimraf": "~3.0.2",
        "source-map-support": "~0.5.19",
        "tmlanguage-generator": "~0.3.0",
        "typescript": "~4.7.2",
        "vscode-oniguruma": "~1.6.1",
        "vscode-textmate": "~6.0.0"
      },
      "engines": {
        "node": ">=16.0.0"
      }
    },
    "../cadl-azure-auth": {
      "name": "cadl-db",
      "version": "1.0.0",
      "license": "ISC",
      "dependencies": {
        "@cadl-lang/compiler": "file:../../node_modules/@cadl-lang/compiler"
      }
    },
    "../node_modules/@cadl-lang/compiler": {
      "extraneous": true
    },
    "node_modules/@cadl-lang/compiler": {
      "resolved": "../../node_modules/@cadl-lang/compiler",
      "link": true
    },
    "node_modules/@cadl-lang/rest": {
      "version": "0.15.0",
      "resolved": "https://registry.npmjs.org/@cadl-lang/rest/-/rest-0.15.0.tgz",
      "integrity": "sha512-rO1yEXZ9cWr3FtAQbA/DLWslUjUYkOAkei9ZJxcHHmzqJnAI5fylFB23LaAJhVA6a8lAHis30CtJj8sY/KXQAg==",
      "engines": {
        "node": ">=16.0.0"
      },
      "peerDependencies": {
        "@cadl-lang/compiler": "~0.32.0"
      }
    },
    "node_modules/@types/node": {
      "version": "18.0.0",
      "resolved": "https://registry.npmjs.org/@types/node/-/node-18.0.0.tgz",
      "integrity": "sha512-cHlGmko4gWLVI27cGJntjs/Sj8th9aYwplmZFwmmgYQQvL5NUsgVJG7OddLvNfLqYS31KFN0s3qlaD9qCaxACA==",
      "dev": true
    },
    "node_modules/@types/prettier": {
      "version": "2.6.3",
      "resolved": "https://registry.npmjs.org/@types/prettier/-/prettier-2.6.3.tgz",
      "integrity": "sha512-ymZk3LEC/fsut+/Q5qejp6R9O1rMxz3XaRHDV6kX8MrGAhOSPqVARbDi+EZvInBpw+BnCX3TD240byVkOfQsHg=="
    },
    "node_modules/cadl-azure-auth": {
      "resolved": "../cadl-azure-auth",
      "link": true
    },
    "node_modules/prettier": {
      "version": "2.7.1",
      "resolved": "https://registry.npmjs.org/prettier/-/prettier-2.7.1.tgz",
      "integrity": "sha512-ujppO+MkdPqoVINuDFDRLClm7D78qbDt0/NR+wp5FqEZOoTNAjPHWj17QRhu7geIHJfcNhRk1XVQmF8Bp3ye+g==",
      "bin": {
        "prettier": "bin-prettier.js"
      },
      "engines": {
        "node": ">=10.13.0"
      },
      "funding": {
        "url": "https://github.com/prettier/prettier?sponsor=1"
      }
    },
    "node_modules/typescript": {
      "version": "4.7.4",
      "resolved": "https://registry.npmjs.org/typescript/-/typescript-4.7.4.tgz",
      "integrity": "sha512-C0WQT0gezHuw6AdY1M2jxUO83Rjf0HP7Sk1DtXj6j1EwkQNZrHAg2XPWlq62oqEhYvONq5pkC2Y9oPljWToLmQ==",
      "dev": true,
      "bin": {
        "tsc": "bin/tsc",
        "tsserver": "bin/tsserver"
      },
      "engines": {
        "node": ">=4.2.0"
      }
    }
  },
  "dependencies": {
    "@cadl-lang/compiler": {
      "version": "file:../../node_modules/@cadl-lang/compiler",
      "requires": {
        "@babel/code-frame": "~7.16.7",
        "@cadl-lang/eslint-config-cadl": "~0.3.0",
        "@cadl-lang/internal-build-utils": "~0.3.0",
        "@types/babel__code-frame": "~7.0.3",
        "@types/js-yaml": "~4.0.1",
        "@types/mkdirp": "~1.0.1",
        "@types/mocha": "~9.1.0",
        "@types/mustache": "~4.1.2",
        "@types/node": "~16.0.3",
        "@types/prettier": "2.6.0",
        "@types/prompts": "~2.0.14",
        "@types/yargs": "~17.0.2",
        "ajv": "~8.9.0",
        "c8": "~7.11.0",
        "change-case": "~4.1.2",
        "eslint": "^8.12.0",
        "globby": "~13.1.1",
        "grammarkdown": "~3.1.2",
        "js-yaml": "~4.1.0",
        "mkdirp": "~1.0.4",
        "mocha": "~9.2.0",
        "mustache": "~4.2.0",
        "node-fetch": "~3.2.0",
        "node-watch": "~0.7.1",
        "picocolors": "~1.0.0",
        "prettier": "~2.6.2",
        "prettier-plugin-organize-imports": "~2.3.4",
        "prompts": "~2.4.1",
        "rimraf": "~3.0.2",
        "source-map-support": "~0.5.19",
        "tmlanguage-generator": "~0.3.0",
        "typescript": "~4.7.2",
        "vscode-languageserver": "~7.0.0",
        "vscode-languageserver-textdocument": "~1.0.1",
        "vscode-oniguruma": "~1.6.1",
        "vscode-textmate": "~6.0.0",
        "yargs": "~17.3.1"
      }
    },
    "@cadl-lang/rest": {
      "version": "0.15.0",
      "resolved": "https://registry.npmjs.org/@cadl-lang/rest/-/rest-0.15.0.tgz",
      "integrity": "sha512-rO1yEXZ9cWr3FtAQbA/DLWslUjUYkOAkei9ZJxcHHmzqJnAI5fylFB23LaAJhVA6a8lAHis30CtJj8sY/KXQAg==",
      "requires": {}
    },
    "@types/node": {
      "version": "18.0.0",
      "resolved": "https://registry.npmjs.org/@types/node/-/node-18.0.0.tgz",
      "integrity": "sha512-cHlGmko4gWLVI27cGJntjs/Sj8th9aYwplmZFwmmgYQQvL5NUsgVJG7OddLvNfLqYS31KFN0s3qlaD9qCaxACA==",
      "dev": true
    },
    "@types/prettier": {
      "version": "2.6.3",
      "resolved": "https://registry.npmjs.org/@types/prettier/-/prettier-2.6.3.tgz",
      "integrity": "sha512-ymZk3LEC/fsut+/Q5qejp6R9O1rMxz3XaRHDV6kX8MrGAhOSPqVARbDi+EZvInBpw+BnCX3TD240byVkOfQsHg=="
    },
    "cadl-azure-auth": {
      "version": "file:../cadl-azure-auth",
      "requires": {
        "@cadl-lang/compiler": "file:../../node_modules/@cadl-lang/compiler"
      }
    },
    "prettier": {
      "version": "2.7.1",
      "resolved": "https://registry.npmjs.org/prettier/-/prettier-2.7.1.tgz",
      "integrity": "sha512-ujppO+MkdPqoVINuDFDRLClm7D78qbDt0/NR+wp5FqEZOoTNAjPHWj17QRhu7geIHJfcNhRk1XVQmF8Bp3ye+g=="
    },
    "typescript": {
      "version": "4.7.4",
      "resolved": "https://registry.npmjs.org/typescript/-/typescript-4.7.4.tgz",
      "integrity": "sha512-C0WQT0gezHuw6AdY1M2jxUO83Rjf0HP7Sk1DtXj6j1EwkQNZrHAg2XPWlq62oqEhYvONq5pkC2Y9oPljWToLmQ==",
      "dev": true
    }
  }
}
